// !$*UTF8*$!
{
	archiveVersion = 1;
	classes = {
	};
	objectVersion = 46;
	objects = {

/* Begin PBXBuildFile section */
		907189A81D32A0020032468B /* AppDelegate.swift in Sources */ = {isa = PBXBuildFile; fileRef = 907189A71D32A0020032468B /* AppDelegate.swift */; };
		907189AA1D32A0020032468B /* ViewController.swift in Sources */ = {isa = PBXBuildFile; fileRef = 907189A91D32A0020032468B /* ViewController.swift */; };
		907189AD1D32A0020032468B /* Main.storyboard in Resources */ = {isa = PBXBuildFile; fileRef = 907189AB1D32A0020032468B /* Main.storyboard */; };
		907189AF1D32A0020032468B /* Assets.xcassets in Resources */ = {isa = PBXBuildFile; fileRef = 907189AE1D32A0020032468B /* Assets.xcassets */; };
		907189B21D32A0020032468B /* LaunchScreen.storyboard in Resources */ = {isa = PBXBuildFile; fileRef = 907189B01D32A0020032468B /* LaunchScreen.storyboard */; };
		907189BD1D32A0020032468B /* Hello_WorldTests.swift in Sources */ = {isa = PBXBuildFile; fileRef = 907189BC1D32A0020032468B /* Hello_WorldTests.swift */; };
		907189C81D32A0020032468B /* Hello_WorldUITests.swift in Sources */ = {isa = PBXBuildFile; fileRef = 907189C71D32A0020032468B /* Hello_WorldUITests.swift */; };
/* End PBXBuildFile section */

/* Begin PBXContainerItemProxy section */
		907189B91D32A0020032468B /* PBXContainerItemProxy */ = {
			isa = PBXContainerItemProxy;
			containerPortal = 9071899C1D32A0020032468B /* Project object */;
			proxyType = 1;
			remoteGlobalIDString = 907189A31D32A0020032468B;
			remoteInfo = "Hello-World";
		};
		907189C41D32A0020032468B /* PBXContainerItemProxy */ = {
			isa = PBXContainerItemProxy;
			containerPortal = 9071899C1D32A0020032468B /* Project object */;
			proxyType = 1;
			remoteGlobalIDString = 907189A31D32A0020032468B;
			remoteInfo = "Hello-World";
		};
/* End PBXContainerItemProxy section */

/* Begin PBXFileReference section */
		907189A41D32A0020032468B /* Hello-World.app */ = {isa = PBXFileReference; explicitFileType = wrapper.application; includeInIndex = 0; path = "Hello-World.app"; sourceTree = BUILT_PRODUCTS_DIR; };
		907189A71D32A0020032468B /* AppDelegate.swift */ = {isa = PBXFileReference; lastKnownFileType = sourcecode.swift; path = AppDelegate.swift; sourceTree = "<group>"; };
		907189A91D32A0020032468B /* ViewController.swift */ = {isa = PBXFileReference; lastKnownFileType = sourcecode.swift; path = ViewController.swift; sourceTree = "<group>"; };
		907189AC1D32A0020032468B /* Base */ = {isa = PBXFileReference; lastKnownFileType = file.storyboard; name = Base; path = Base.lproj/Main.storyboard; sourceTree = "<group>"; };
		907189AE1D32A0020032468B /* Assets.xcassets */ = {isa = PBXFileReference; lastKnownFileType = folder.assetcatalog; path = Assets.xcassets; sourceTree = "<group>"; };
		907189B11D32A0020032468B /* Base */ = {isa = PBXFileReference; lastKnownFileType = file.storyboard; name = Base; path = Base.lproj/LaunchScreen.storyboard; sourceTree = "<group>"; };
		907189B31D32A0020032468B /* Info.plist */ = {isa = PBXFileReference; lastKnownFileType = text.plist.xml; path = Info.plist; sourceTree = "<group>"; };
		907189B81D32A0020032468B /* Hello-WorldTests.xctest */ = {isa = PBXFileReference; explicitFileType = wrapper.cfbundle; includeInIndex = 0; path = "Hello-WorldTests.xctest"; sourceTree = BUILT_PRODUCTS_DIR; };
		907189BC1D32A0020032468B /* Hello_WorldTests.swift */ = {isa = PBXFileReference; lastKnownFileType = sourcecode.swift; path = Hello_WorldTests.swift; sourceTree = "<group>"; };
		907189BE1D32A0020032468B /* Info.plist */ = {isa = PBXFileReference; lastKnownFileType = text.plist.xml; path = Info.plist; sourceTree = "<group>"; };
		907189C31D32A0020032468B /* Hello-WorldUITests.xctest */ = {isa = PBXFileReference; explicitFileType = wrapper.cfbundle; includeInIndex = 0; path = "Hello-WorldUITests.xctest"; sourceTree = BUILT_PRODUCTS_DIR; };
		907189C71D32A0020032468B /* Hello_WorldUITests.swift */ = {isa = PBXFileReference; lastKnownFileType = sourcecode.swift; path = Hello_WorldUITests.swift; sourceTree = "<group>"; };
		907189C91D32A0020032468B /* Info.plist */ = {isa = PBXFileReference; lastKnownFileType = text.plist.xml; path = Info.plist; sourceTree = "<group>"; };
/* End PBXFileReference section */

/* Begin PBXFrameworksBuildPhase section */
		907189A11D32A0020032468B /* Frameworks */ = {
			isa = PBXFrameworksBuildPhase;
			buildActionMask = 2147483647;
			files = (
			);
			runOnlyForDeploymentPostprocessing = 0;
		};
		907189B51D32A0020032468B /* Frameworks */ = {
			isa = PBXFrameworksBuildPhase;
			buildActionMask = 2147483647;
			files = (
			);
			runOnlyForDeploymentPostprocessing = 0;
		};
		907189C01D32A0020032468B /* Frameworks */ = {
			isa = PBXFrameworksBuildPhase;
			buildActionMask = 2147483647;
			files = (
			);
			runOnlyForDeploymentPostprocessing = 0;
		};
/* End PBXFrameworksBuildPhase section */

/* Begin PBXGroup section */
		9071899B1D32A0020032468B = {
			isa = PBXGroup;
			children = (
				907189A61D32A0020032468B /* Hello-World */,
				907189BB1D32A0020032468B /* Hello-WorldTests */,
				907189C61D32A0020032468B /* Hello-WorldUITests */,
				907189A51D32A0020032468B /* Products */,
			);
			sourceTree = "<group>";
		};
		907189A51D32A0020032468B /* Products */ = {
			isa = PBXGroup;
			children = (
				907189A41D32A0020032468B /* Hello-World.app */,
				907189B81D32A0020032468B /* Hello-WorldTests.xctest */,
				907189C31D32A0020032468B /* Hello-WorldUITests.xctest */,
			);
			name = Products;
			sourceTree = "<group>";
		};
		907189A61D32A0020032468B /* Hello-World */ = {
			isa = PBXGroup;
			children = (
				907189A71D32A0020032468B /* AppDelegate.swift */,
				907189A91D32A0020032468B /* ViewController.swift */,
				907189AB1D32A0020032468B /* Main.storyboard */,
				907189AE1D32A0020032468B /* Assets.xcassets */,
				907189B01D32A0020032468B /* LaunchScreen.storyboard */,
				907189B31D32A0020032468B /* Info.plist */,
			);
			path = "Hello-World";
			sourceTree = "<group>";
		};
		907189BB1D32A0020032468B /* Hello-WorldTests */ = {
			isa = PBXGroup;
			children = (
				907189BC1D32A0020032468B /* Hello_WorldTests.swift */,
				907189BE1D32A0020032468B /* Info.plist */,
			);
			path = "Hello-WorldTests";
			sourceTree = "<group>";
		};
		907189C61D32A0020032468B /* Hello-WorldUITests */ = {
			isa = PBXGroup;
			children = (
				907189C71D32A0020032468B /* Hello_WorldUITests.swift */,
				907189C91D32A0020032468B /* Info.plist */,
			);
			path = "Hello-WorldUITests";
			sourceTree = "<group>";
		};
/* End PBXGroup section */

/* Begin PBXNativeTarget section */
		907189A31D32A0020032468B /* Hello-World */ = {
			isa = PBXNativeTarget;
			buildConfigurationList = 907189CC1D32A0020032468B /* Build configuration list for PBXNativeTarget "Hello-World" */;
			buildPhases = (
				907189A01D32A0020032468B /* Sources */,
				907189A11D32A0020032468B /* Frameworks */,
				907189A21D32A0020032468B /* Resources */,
			);
			buildRules = (
			);
			dependencies = (
			);
			name = "Hello-World";
			productName = "Hello-World";
			productReference = 907189A41D32A0020032468B /* Hello-World.app */;
			productType = "com.apple.product-type.application";
		};
		907189B71D32A0020032468B /* Hello-WorldTests */ = {
			isa = PBXNativeTarget;
			buildConfigurationList = 907189CF1D32A0020032468B /* Build configuration list for PBXNativeTarget "Hello-WorldTests" */;
			buildPhases = (
				907189B41D32A0020032468B /* Sources */,
				907189B51D32A0020032468B /* Frameworks */,
				907189B61D32A0020032468B /* Resources */,
			);
			buildRules = (
			);
			dependencies = (
				907189BA1D32A0020032468B /* PBXTargetDependency */,
			);
			name = "Hello-WorldTests";
			productName = "Hello-WorldTests";
			productReference = 907189B81D32A0020032468B /* Hello-WorldTests.xctest */;
			productType = "com.apple.product-type.bundle.unit-test";
		};
		907189C21D32A0020032468B /* Hello-WorldUITests */ = {
			isa = PBXNativeTarget;
			buildConfigurationList = 907189D21D32A0020032468B /* Build configuration list for PBXNativeTarget "Hello-WorldUITests" */;
			buildPhases = (
				907189BF1D32A0020032468B /* Sources */,
				907189C01D32A0020032468B /* Frameworks */,
				907189C11D32A0020032468B /* Resources */,
			);
			buildRules = (
			);
			dependencies = (
				907189C51D32A0020032468B /* PBXTargetDependency */,
			);
			name = "Hello-WorldUITests";
			productName = "Hello-WorldUITests";
			productReference = 907189C31D32A0020032468B /* Hello-WorldUITests.xctest */;
			productType = "com.apple.product-type.bundle.ui-testing";
		};
/* End PBXNativeTarget section */

/* Begin PBXProject section */
		9071899C1D32A0020032468B /* Project object */ = {
			isa = PBXProject;
			attributes = {
				LastSwiftUpdateCheck = 0730;
				LastUpgradeCheck = 0730;
				ORGANIZATIONNAME = "Chuck Brant";
				TargetAttributes = {
					907189A31D32A0020032468B = {
						CreatedOnToolsVersion = 7.3.1;
					};
					907189B71D32A0020032468B = {
						CreatedOnToolsVersion = 7.3.1;
						TestTargetID = 907189A31D32A0020032468B;
					};
					907189C21D32A0020032468B = {
						CreatedOnToolsVersion = 7.3.1;
						TestTargetID = 907189A31D32A0020032468B;
					};
				};
			};
			buildConfigurationList = 9071899F1D32A0020032468B /* Build configuration list for PBXProject "Hello-World" */;
			compatibilityVersion = "Xcode 3.2";
			developmentRegion = English;
			hasScannedForEncodings = 0;
			knownRegions = (
				en,
				Base,
			);
			mainGroup = 9071899B1D32A0020032468B;
			productRefGroup = 907189A51D32A0020032468B /* Products */;
			projectDirPath = "";
			projectRoot = "";
			targets = (
				907189A31D32A0020032468B /* Hello-World */,
				907189B71D32A0020032468B /* Hello-WorldTests */,
				907189C21D32A0020032468B /* Hello-WorldUITests */,
			);
		};
/* End PBXProject section */

/* Begin PBXResourcesBuildPhase section */
		907189A21D32A0020032468B /* Resources */ = {
			isa = PBXResourcesBuildPhase;
			buildActionMask = 2147483647;
			files = (
				907189B21D32A0020032468B /* LaunchScreen.storyboard in Resources */,
				907189AF1D32A0020032468B /* Assets.xcassets in Resources */,
				907189AD1D32A0020032468B /* Main.storyboard in Resources */,
			);
			runOnlyForDeploymentPostprocessing = 0;
		};
		907189B61D32A0020032468B /* Resources */ = {
			isa = PBXResourcesBuildPhase;
			buildActionMask = 2147483647;
			files = (
			);
			runOnlyForDeploymentPostprocessing = 0;
		};
		907189C11D32A0020032468B /* Resources */ = {
			isa = PBXResourcesBuildPhase;
			buildActionMask = 2147483647;
			files = (
			);
			runOnlyForDeploymentPostprocessing = 0;
		};
/* End PBXResourcesBuildPhase section */

/* Begin PBXSourcesBuildPhase section */
		907189A01D32A0020032468B /* Sources */ = {
			isa = PBXSourcesBuildPhase;
			buildActionMask = 2147483647;
			files = (
				907189AA1D32A0020032468B /* ViewController.swift in Sources */,
				907189A81D32A0020032468B /* AppDelegate.swift in Sources */,
			);
			runOnlyForDeploymentPostprocessing = 0;
		};
		907189B41D32A0020032468B /* Sources */ = {
			isa = PBXSourcesBuildPhase;
			buildActionMask = 2147483647;
			files = (
				907189BD1D32A0020032468B /* Hello_WorldTests.swift in Sources */,
			);
			runOnlyForDeploymentPostprocessing = 0;
		};
		907189BF1D32A0020032468B /* Sources */ = {
			isa = PBXSourcesBuildPhase;
			buildActionMask = 2147483647;
			files = (
				907189C81D32A0020032468B /* Hello_WorldUITests.swift in Sources */,
			);
			runOnlyForDeploymentPostprocessing = 0;
		};
/* End PBXSourcesBuildPhase section */

/* Begin PBXTargetDependency section */
		907189BA1D32A0020032468B /* PBXTargetDependency */ = {
			isa = PBXTargetDependency;
			target = 907189A31D32A0020032468B /* Hello-World */;
			targetProxy = 907189B91D32A0020032468B /* PBXContainerItemProxy */;
		};
		907189C51D32A0020032468B /* PBXTargetDependency */ = {
			isa = PBXTargetDependency;
			target = 907189A31D32A0020032468B /* Hello-World */;
			targetProxy = 907189C41D32A0020032468B /* PBXContainerItemProxy */;
		};
/* End PBXTargetDependency section */

/* Begin PBXVariantGroup section */
		907189AB1D32A0020032468B /* Main.storyboard */ = {
			isa = PBXVariantGroup;
			children = (
				907189AC1D32A0020032468B /* Base */,
			);
			name = Main.storyboard;
			sourceTree = "<group>";
		};
		907189B01D32A0020032468B /* LaunchScreen.storyboard */ = {
			isa = PBXVariantGroup;
			children = (
				907189B11D32A0020032468B /* Base */,
			);
			name = LaunchScreen.storyboard;
			sourceTree = "<group>";
		};
/* End PBXVariantGroup section */

/* Begin XCBuildConfiguration section */
		907189CA1D32A0020032468B /* Debug */ = {
			isa = XCBuildConfiguration;
			buildSettings = {
				ALWAYS_SEARCH_USER_PATHS = NO;
				CLANG_ANALYZER_NONNULL = YES;
				CLANG_CXX_LANGUAGE_STANDARD = "gnu++0x";
				CLANG_CXX_LIBRARY = "libc++";
				CLANG_ENABLE_MODULES = YES;
				CLANG_ENABLE_OBJC_ARC = YES;
				CLANG_WARN_BOOL_CONVERSION = YES;
				CLANG_WARN_CONSTANT_CONVERSION = YES;
				CLANG_WARN_DIRECT_OBJC_ISA_USAGE = YES_ERROR;
				CLANG_WARN_EMPTY_BODY = YES;
				CLANG_WARN_ENUM_CONVERSION = YES;
				CLANG_WARN_INT_CONVERSION = YES;
				CLANG_WARN_OBJC_ROOT_CLASS = YES_ERROR;
				CLANG_WARN_UNREACHABLE_CODE = YES;
				CLANG_WARN__DUPLICATE_METHOD_MATCH = YES;
				"CODE_SIGN_IDENTITY[sdk=iphoneos*]" = "iPhone Developer";
				COPY_PHASE_STRIP = NO;
				DEBUG_INFORMATION_FORMAT = dwarf;
				ENABLE_STRICT_OBJC_MSGSEND = YES;
				ENABLE_TESTABILITY = YES;
				GCC_C_LANGUAGE_STANDARD = gnu99;
				GCC_DYNAMIC_NO_PIC = NO;
				GCC_NO_COMMON_BLOCKS = YES;
				GCC_OPTIMIZATION_LEVEL = 0;
				GCC_PREPROCESSOR_DEFINITIONS = (
					"DEBUG=1",
					"$(inherited)",
				);
				GCC_WARN_64_TO_32_BIT_CONVERSION = YES;
				GCC_WARN_ABOUT_RETURN_TYPE = YES_ERROR;
				GCC_WARN_UNDECLARED_SELECTOR = YES;
				GCC_WARN_UNINITIALIZED_AUTOS = YES_AGGRESSIVE;
				GCC_WARN_UNUSED_FUNCTION = YES;
				GCC_WARN_UNUSED_VARIABLE = YES;
				IPHONEOS_DEPLOYMENT_TARGET = 9.3;
				MTL_ENABLE_DEBUG_INFO = YES;
				ONLY_ACTIVE_ARCH = YES;
				SDKROOT = iphoneos;
				SWIFT_OPTIMIZATION_LEVEL = "-Onone";
				TARGETED_DEVICE_FAMILY = "1,2";
			};
			name = Debug;
		};
		907189CB1D32A0020032468B /* Release */ = {
			isa = XCBuildConfiguration;
			buildSettings = {
				ALWAYS_SEARCH_USER_PATHS = NO;
				CLANG_ANALYZER_NONNULL = YES;
				CLANG_CXX_LANGUAGE_STANDARD = "gnu++0x";
				CLANG_CXX_LIBRARY = "libc++";
				CLANG_ENABLE_MODULES = YES;
				CLANG_ENABLE_OBJC_ARC = YES;
				CLANG_WARN_BOOL_CONVERSION = YES;
				CLANG_WARN_CONSTANT_CONVERSION = YES;
				CLANG_WARN_DIRECT_OBJC_ISA_USAGE = YES_ERROR;
				CLANG_WARN_EMPTY_BODY = YES;
				CLANG_WARN_ENUM_CONVERSION = YES;
				CLANG_WARN_INT_CONVERSION = YES;
				CLANG_WARN_OBJC_ROOT_CLASS = YES_ERROR;
				CLANG_WARN_UNREACHABLE_CODE = YES;
				CLANG_WARN__DUPLICATE_METHOD_MATCH = YES;
				"CODE_SIGN_IDENTITY[sdk=iphoneos*]" = "iPhone Developer";
				COPY_PHASE_STRIP = NO;
				DEBUG_INFORMATION_FORMAT = "dwarf-with-dsym";
				ENABLE_NS_ASSERTIONS = NO;
				ENABLE_STRICT_OBJC_MSGSEND = YES;
				GCC_C_LANGUAGE_STANDARD = gnu99;
				GCC_NO_COMMON_BLOCKS = YES;
				GCC_WARN_64_TO_32_BIT_CONVERSION = YES;
				GCC_WARN_ABOUT_RETURN_TYPE = YES_ERROR;
				GCC_WARN_UNDECLARED_SELECTOR = YES;
				GCC_WARN_UNINITIALIZED_AUTOS = YES_AGGRESSIVE;
				GCC_WARN_UNUSED_FUNCTION = YES;
				GCC_WARN_UNUSED_VARIABLE = YES;
				IPHONEOS_DEPLOYMENT_TARGET = 9.3;
				MTL_ENABLE_DEBUG_INFO = NO;
				SDKROOT = iphoneos;
				TARGETED_DEVICE_FAMILY = "1,2";
				VALIDATE_PRODUCT = YES;
			};
			name = Release;
		};
		907189CD1D32A0020032468B /* Debug */ = {
			isa = XCBuildConfiguration;
			buildSettings = {
				ASSETCATALOG_COMPILER_APPICON_NAME = AppIcon;
				INFOPLIST_FILE = "Hello-World/Info.plist";
				LD_RUNPATH_SEARCH_PATHS = "$(inherited) @executable_path/Frameworks";
				PRODUCT_BUNDLE_IDENTIFIER = "com.ibm.Hello-World";
				PRODUCT_NAME = "$(TARGET_NAME)";
			};
			name = Debug;
		};
		907189CE1D32A0020032468B /* Release */ = {
			isa = XCBuildConfiguration;
			buildSettings = {
				ASSETCATALOG_COMPILER_APPICON_NAME = AppIcon;
				INFOPLIST_FILE = "Hello-World/Info.plist";
				LD_RUNPATH_SEARCH_PATHS = "$(inherited) @executable_path/Frameworks";
				PRODUCT_BUNDLE_IDENTIFIER = "com.ibm.Hello-World";
				PRODUCT_NAME = "$(TARGET_NAME)";
			};
			name = Release;
		};
		907189D01D32A0020032468B /* Debug */ = {
			isa = XCBuildConfiguration;
			buildSettings = {
				BUNDLE_LOADER = "$(TEST_HOST)";
				INFOPLIST_FILE = "Hello-WorldTests/Info.plist";
				LD_RUNPATH_SEARCH_PATHS = "$(inherited) @executable_path/Frameworks @loader_path/Frameworks";
				PRODUCT_BUNDLE_IDENTIFIER = "com.ibm.Hello-WorldTests";
				PRODUCT_NAME = "$(TARGET_NAME)";
				TEST_HOST = "$(BUILT_PRODUCTS_DIR)/Hello-World.app/Hello-World";
			};
			name = Debug;
		};
		907189D11D32A0020032468B /* Release */ = {
			isa = XCBuildConfiguration;
			buildSettings = {
				BUNDLE_LOADER = "$(TEST_HOST)";
				INFOPLIST_FILE = "Hello-WorldTests/Info.plist";
				LD_RUNPATH_SEARCH_PATHS = "$(inherited) @executable_path/Frameworks @loader_path/Frameworks";
				PRODUCT_BUNDLE_IDENTIFIER = "com.ibm.Hello-WorldTests";
				PRODUCT_NAME = "$(TARGET_NAME)";
				TEST_HOST = "$(BUILT_PRODUCTS_DIR)/Hello-World.app/Hello-World";
			};
			name = Release;
		};
		907189D31D32A0020032468B /* Debug */ = {
			isa = XCBuildConfiguration;
			buildSettings = {
				INFOPLIST_FILE = "Hello-WorldUITests/Info.plist";
				LD_RUNPATH_SEARCH_PATHS = "$(inherited) @executable_path/Frameworks @loader_path/Frameworks";
				PRODUCT_BUNDLE_IDENTIFIER = "com.ibm.Hello-WorldUITests";
				PRODUCT_NAME = "$(TARGET_NAME)";
				TEST_TARGET_NAME = "Hello-World";
			};
			name = Debug;
		};
		907189D41D32A0020032468B /* Release */ = {
			isa = XCBuildConfiguration;
			buildSettings = {
				INFOPLIST_FILE = "Hello-WorldUITests/Info.plist";
				LD_RUNPATH_SEARCH_PATHS = "$(inherited) @executable_path/Frameworks @loader_path/Frameworks";
				PRODUCT_BUNDLE_IDENTIFIER = "com.ibm.Hello-WorldUITests";
				PRODUCT_NAME = "$(TARGET_NAME)";
				TEST_TARGET_NAME = "Hello-World";
			};
			name = Release;
		};
/* End XCBuildConfiguration section */

/* Begin XCConfigurationList section */
		9071899F1D32A0020032468B /* Build configuration list for PBXProject "Hello-World" */ = {
			isa = XCConfigurationList;
			buildConfigurations = (
				907189CA1D32A0020032468B /* Debug */,
				907189CB1D32A0020032468B /* Release */,
			);
			defaultConfigurationIsVisible = 0;
			defaultConfigurationName = Release;
		};
		907189CC1D32A0020032468B /* Build configuration list for PBXNativeTarget "Hello-World" */ = {
			isa = XCConfigurationList;
			buildConfigurations = (
				907189CD1D32A0020032468B /* Debug */,
				907189CE1D32A0020032468B /* Release */,
			);
			defaultConfigurationIsVisible = 0;
		};
		907189CF1D32A0020032468B /* Build configuration list for PBXNativeTarget "Hello-WorldTests" */ = {
			isa = XCConfigurationList;
			buildConfigurations = (
				907189D01D32A0020032468B /* Debug */,
				907189D11D32A0020032468B /* Release */,
			);
			defaultConfigurationIsVisible = 0;
		};
		907189D21D32A0020032468B /* Build configuration list for PBXNativeTarget "Hello-WorldUITests" */ = {
			isa = XCConfigurationList;
			buildConfigurations = (
				907189D31D32A0020032468B /* Debug */,
				907189D41D32A0020032468B /* Release */,
			);
			defaultConfigurationIsVisible = 0;
		};
/* End XCConfigurationList section */
	};
	rootObject = 9071899C1D32A0020032468B /* Project object */;
}
